{
    "_readme": [
        "This file locks the dependencies of your project to a known state",
        "Read more about it at https://getcomposer.org/doc/01-basic-usage.md#installing-dependencies",
        "This file is @generated automatically"
    ],
    "content-hash": "bd25ff62a1ff7866ec91267f41dbe031",
    "packages": [
        {
            "name": "paragonie/random_compat",
            "version": "v2.0.21",
            "source": {
                "type": "git",
                "url": "https://github.com/paragonie/random_compat.git",
                "reference": "96c132c7f2f7bc3230723b66e89f8f150b29d5ae"
            },
            "dist": {
                "type": "zip",
                "url": "https://api.github.com/repos/paragonie/random_compat/zipball/96c132c7f2f7bc3230723b66e89f8f150b29d5ae",
                "reference": "96c132c7f2f7bc3230723b66e89f8f150b29d5ae",
                "shasum": ""
            },
            "require": {
                "php": ">=5.2.0"
            },
            "require-dev": {
                "phpunit/phpunit": "*"
            },
            "suggest": {
                "ext-libsodium": "Provides a modern crypto API that can be used to generate random bytes."
            },
            "type": "library",
            "autoload": {
                "files": [
                    "lib/random.php"
                ]
            },
            "notification-url": "https://packagist.org/downloads/",
            "license": [
                "MIT"
            ],
            "authors": [
                {
                    "name": "Paragon Initiative Enterprises",
                    "email": "security@paragonie.com",
                    "homepage": "https://paragonie.com"
                }
            ],
            "description": "PHP 5.x polyfill for random_bytes() and random_int() from PHP 7",
            "keywords": [
                "csprng",
                "polyfill",
                "pseudorandom",
                "random"
            ],
            "support": {
                "email": "info@paragonie.com",
                "issues": "https://github.com/paragonie/random_compat/issues",
                "source": "https://github.com/paragonie/random_compat"
            },
            "time": "2022-02-16T17:07:03+00:00"
        },
        {
            "name": "ramsey/uuid",
            "version": "2.9.0",
            "source": {
                "type": "git",
                "url": "https://github.com/ramsey/uuid.git",
                "reference": "b2ef4dd9584268d73f92f752a62bc24cd534dc9a"
            },
            "dist": {
                "type": "zip",
                "url": "https://api.github.com/repos/ramsey/uuid/zipball/b2ef4dd9584268d73f92f752a62bc24cd534dc9a",
                "reference": "b2ef4dd9584268d73f92f752a62bc24cd534dc9a",
                "shasum": ""
            },
            "require": {
                "paragonie/random_compat": "^1.0|^2.0",
                "php": ">=5.3.3"
            },
            "replace": {
                "rhumsaa/uuid": "self.version"
            },
            "require-dev": {
                "doctrine/dbal": ">=2.3",
                "jakub-onderka/php-parallel-lint": "^0.9.0",
                "moontoast/math": "~1.1",
                "phpunit/phpunit": "~4.1|~5.0",
                "satooshi/php-coveralls": "~0.6",
                "squizlabs/php_codesniffer": "^2.3",
                "symfony/console": "~2.3|~3.0"
            },
            "suggest": {
                "doctrine/dbal": "Allow the use of a UUID as doctrine field type.",
                "moontoast/math": "Support for converting UUID to 128-bit integer (in string form).",
                "symfony/console": "Support for use of the bin/uuid command line tool."
            },
            "bin": [
                "bin/uuid"
            ],
            "type": "library",
            "autoload": {
                "psr-4": {
                    "Rhumsaa\\Uuid\\": "src/"
                }
            },
            "notification-url": "https://packagist.org/downloads/",
            "license": [
                "MIT"
            ],
            "authors": [
                {
                    "name": "Ben Ramsey",
                    "homepage": "http://benramsey.com"
                },
                {
                    "name": "Marijn Huizendveld",
                    "email": "marijn.huizendveld@gmail.com"
                }
            ],
            "description": "A PHP 5.3+ library for generating RFC 4122 version 1, 3, 4, and 5 universally unique identifiers (UUID).",
            "homepage": "https://github.com/ramsey/uuid",
            "keywords": [
                "guid",
                "identifier",
                "uuid"
            ],
            "support": {
                "issues": "https://github.com/ramsey/uuid/issues",
                "source": "https://github.com/ramsey/uuid"
            },
            "funding": [
                {
                    "url": "https://github.com/ramsey",
                    "type": "github"
                },
                {
                    "url": "https://tidelift.com/funding/github/packagist/ramsey/uuid",
                    "type": "tidelift"
                }
            ],
            "time": "2016-03-22T18:20:19+00:00"
        },
        {
            "name": "zircote/rhubarb",
            "version": "3.1.1",
            "source": {
                "type": "git",
                "url": "https://github.com/zircote/Rhubarb.git",
                "reference": "004fe1474ec5799cc1cd259376a11978842dede0"
            },
            "dist": {
                "type": "zip",
                "url": "https://api.github.com/repos/zircote/Rhubarb/zipball/004fe1474ec5799cc1cd259376a11978842dede0",
                "reference": "004fe1474ec5799cc1cd259376a11978842dede0",
                "shasum": ""
            },
            "require": {
                "rhumsaa/uuid": "~2.1"
            },
            "require-dev": {
                "phpunit/phpunit": "~3.7.19"
            },
            "suggest": {
                "ext-amqp": "for rabbitmq-c/pecl-amqp support",
                "predis/predis": "for redis broker support",
                "zircote/amqp": "for php-amqp support and/or TLS AMQP support"
            },
            "type": "library",
            "autoload": {
                "psr-0": {
                    "Rhubarb": "library",
                    "RhubarbTests": "tests/library"
                }
            },
            "notification-url": "https://packagist.org/downloads/",
            "license": [
                "Apache-2.0"
            ],
            "authors": [
                {
                    "name": "Robert Allen",
                    "email": "zircote@gmail.com",
                    "homepage": "http://www.zircote.com"
                }
            ],
            "description": "A PHP Celery Client Implementation",
            "homepage": "https://github.com/zircote/Rhubarb",
            "keywords": [
                "asynchronous",
                "celery",
                "job queue",
                "task schedule",
                "work flow"
            ],
            "support": {
                "issues": "https://github.com/zircote/Rhubarb/issues",
                "source": "https://github.com/zircote/Rhubarb/tree/3.1"
            },
            "abandoned": true,
            "time": "2013-12-08T03:05:33+00:00"
        }
    ],
    "packages-dev": [],
    "aliases": [],
    "minimum-stability": "stable",
    "stability-flags": {},
    "prefer-stable": false,
    "prefer-lowest": false,
    "platform": {},
    "platform-dev": {},
    "plugin-api-version": "2.9.0"
}
