lockfileVersion: 5.4

specifiers:
  rxjs: ~7.5.0
  tslib: ^2.3.0
  typescript: ~4.7.2
  zone.js: ~0.11.4

dependencies:
  rxjs: 7.5.7
  tslib: 2.6.2
  zone.js: 0.11.8

devDependencies:
  typescript: 4.7.4

packages:

  /rxjs/7.5.7:
    resolution: {integrity: sha512-z9MzKh/UcOqB3i20H6rtrlaE/CgjLOvheWK/9ILrbhROGTweAi1BaFsTT9FbwZi5Trr1qNRs+MXkhmR06awzQA==}
    dependencies:
      tslib: 2.6.2
    dev: false

  /tslib/2.6.2:
    resolution: {integrity: sha512-AEYxH93jGFPn/a2iVAwW87VuUIkR1FVUKB77NwMF7nBTDkDrrT/Hpt/IrCJ0QXhW27jTBDcf5ZY7w6RiqTMw2Q==}
    dev: false

  /typescript/4.7.4:
    resolution: {integrity: sha512-C0WQT0gezHuw6AdY1M2jxUO83Rjf0HP7Sk1DtXj6j1EwkQNZrHAg2XPWlq62oqEhYvONq5pkC2Y9oPljWToLmQ==}
    engines: {node: '>=4.2.0'}
    hasBin: true
    dev: true

  /zone.js/0.11.8:
    resolution: {integrity: sha512-82bctBg2hKcEJ21humWIkXRlLBBmrc3nN7DFh5LGGhcyycO2S7FN8NmdvlcKaGFDNVL4/9kFLmwmInTavdJERA==}
    dependencies:
      tslib: 2.6.2
    dev: false
