lockfileVersion: '6.0'

dependencies:
  '@testing-library/jest-dom':
    specifier: ^5.16.5
    version: 5.16.5
  '@testing-library/react':
    specifier: ^13.4.0
    version: 13.4.0(react-dom@18.2.0)(react@18.2.0)
  '@testing-library/user-event':
    specifier: ^13.5.0
    version: 13.5.0(@testing-library/dom@9.2.0)
  react:
    specifier: ^18.2.0
    version: 18.2.0
  react-dom:
    specifier: ^18.2.0
    version: 18.2.0(react@18.2.0)
  web-vitals:
    specifier: ^2.1.4
    version: 2.1.4

packages:
  /@babel/core@7.21.4:
    resolution: {integrity: sha512-qt/YV149Jman/6AfmlxJ04LMIu8bMoyl3RB91yTFrxQmgbrSvQMy7cI8Q62FHx1t8wJ8B5fu0UDoLwHAhUo1QA==}
    engines: {node: '>=6.9.0'}
    dependencies:
      '@ampproject/remapping': 2.2.1
      '@babel/code-frame': 7.21.4
      '@babel/generator': 7.21.4
      '@babel/helper-compilation-targets': 7.21.4(@babel/core@7.21.4)
      '@babel/helper-module-transforms': 7.21.2
      '@babel/helpers': 7.21.0
      '@babel/parser': 7.21.4
      '@babel/template': 7.20.7
      '@babel/traverse': 7.21.4
      '@babel/types': 7.21.4
      convert-source-map: 1.9.0
      debug: 4.3.4
      gensync: 1.0.0-beta.2
      json5: 2.2.3
      semver: 6.3.0
    transitivePeerDependencies:
      - supports-color
    dev: false

  /@testing-library/jest-dom@5.16.5:
    resolution: {integrity: sha512-N5ixQ2qKpi5OLYfwQmUb/5mSV9LneAcaUfp32pn4yCnpb8r/Yz0pXFPck21dIicKmi+ta5WRAknkZCfA8refMA==}
    engines: {node: '>=8', npm: '>=6', yarn: '>=1'}
    dependencies:
      '@adobe/css-tools': 4.2.0
      '@babel/runtime': 7.21.0
      '@types/testing-library__jest-dom': 5.14.5
      aria-query: 5.1.3
      chalk: 3.0.0
      css.escape: 1.5.1
      dom-accessibility-api: 0.5.16
      lodash: 4.17.21
      redent: 3.0.0
    dev: false

  /@testing-library/react@13.4.0(react-dom@18.2.0)(react@18.2.0):
    resolution: {integrity: sha512-sXOGON+WNTh3MLE9rve97ftaZukN3oNf2KjDy7YTx6hcTO2uuLHuCGynMDhFwGw/jYf4OJ2Qk0i4i79qMNNkyw==}
    engines: {node: '>=12'}
    peerDependencies:
      react: ^18.0.0
      react-dom: ^18.0.0
    dependencies:
      '@babel/runtime': 7.21.0
      '@testing-library/dom': 8.20.0
      '@types/react-dom': 18.2.1
      react: 18.2.0
      react-dom: 18.2.0(react@18.2.0)
    dev: false

  /@testing-library/user-event@13.5.0(@testing-library/dom@9.2.0):
    resolution: {integrity: sha512-5Kwtbo3Y/NowpkbRuSepbyMFkZmHgD+vPzYB/RJ4oxt5Gj/avFFBYjhw27cqSVPVw/3a67NK1PbiIr9k4Gwmdg==}
    engines: {node: '>=10', npm: '>=6'}
    peerDependencies:
      '@testing-library/dom': '>=7.21.4'
    dependencies:
      '@babel/runtime': 7.21.0
      '@testing-library/dom': 9.2.0
    dev: false

  /@types/eslint@8.37.0:
    resolution: {integrity: sha512-Piet7dG2JBuDIfohBngQ3rCt7MgO9xCO4xIMKxBThCq5PNRB91IjlJ10eJVwfoNtvTErmxLzwBZ7rHZtbOMmFQ==}
    dependencies:
      '@types/estree': 1.0.1
      '@types/json-schema': 7.0.11
    dev: false

  /react-dom@18.2.0(react@18.2.0):
    resolution: {integrity: sha512-6IMTriUmvsjHUjNtEDudZfuDQUoWXVxKHhlEGSk81n4YFS+r/Kl99wXiwlVXtPBtJenozv2P+hxDsw9eA7Xo6g==}
    peerDependencies:
      react: ^18.2.0
    dependencies:
      loose-envify: 1.4.0
      react: 18.2.0
      scheduler: 0.23.0
    dev: false

  /react@18.2.0:
    resolution: {integrity: sha512-/3IjMdb2L9QbBdWiW5e3P2/npwMBaU9mHCSCUzNln0ZCYbcfTsGbTJrU/kGemdH2IWmB2ioZ+zkxtmq6g09fGQ==}
    engines: {node: '>=0.10.0'}
    dependencies:
      loose-envify: 1.4.0
    dev: false

  /read-cache@1.0.0:
    resolution: {integrity: sha512-Owdv/Ft7IjOgm/i0xvNDZ1LrRANRfew4b2prF3OWMQLxLfu3bS8FVhCsrSCMK4lR56Y9ya+AThoTpDCTxCmpRA==}
    dependencies:
      pify: 2.3.0
    dev: false

  /schema-utils@3.1.2:
    resolution: {integrity: sha512-pvjEHOgWc9OWA/f/DE3ohBWTD6EleVLf7iFUkoSwAxttdBhB9QUebQgxER2kWueOvRJXPHNnyrvvh9eZINB8Eg==}
    engines: {node: '>= 10.13.0'}
    dependencies:
      '@types/json-schema': 7.0.11
      ajv: 6.12.6
      ajv-keywords: 3.5.2(ajv@6.12.6)
    dev: false

  /web-vitals@2.1.4:
    resolution: {integrity: sha512-sVWcwhU5mX6crfI5Vd2dC4qchyTqxV8URinzt25XqVh+bHEPGH4C3NPrNionCP7Obx59wrYEbNlw4Z8sjALzZg==}
    dev: false
