lockfileVersion: '9.0'

settings:
  autoInstallPeers: true
  excludeLinksFromLockfile: false

importers:

  .:
    dependencies:
      is-odd:
        specifier: 3.0.1
        version: 3.0.1
    devDependencies:
      node:
        specifier: runtime:^26.8.1
        version: runtime:26.8.1

packages:

  is-odd@3.0.1:
    resolution: {integrity: sha512-CQpnWPrDwmP1+SMHXZhtLtJv90yiyVfluGsX5iNCVkrhQtU3TQHsUWPG9wkdk9Lgd5yNpAg9jQEo90CBaXgWMA==}
    engines: {node: '>=4'}

  node@runtime:26.8.1:
    resolution:
      type: variations
      variants:
        - resolution:
            archive: tarball
            bin:
              node: bin/node
            integrity: sha256-srdmYPpN7U4LKkHuPAxlHNUuqBcOrZHrrB4UesPVVkM=
            type: binary
            url: https://nodejs.org/download/release/v26.8.1/node-v26.8.1-linux-x64.tar.gz
          targets:
            - cpu: x64
              os: linux
    version: 26.8.1
    hasBin: true

snapshots:

  is-odd@3.0.1: {}

  node@runtime:26.8.1: {}
