# THIS IS AN AUTOGENERATED FILE. DO NOT EDIT THIS FILE DIRECTLY.
# yarn lockfile v1


async@0.9.2:
  version "0.9.2"
  resolved "https://registry.yarnpkg.com/async/-/async-0.9.2.tgz#aea74d5e61c1f899613bf64bda66d4c78f2fd17d"
  integrity sha1-rqdNXmHB+JlhO/ZL2mbUx48v0X0=

async@^3.2.3:
  version "3.2.3"
  resolved "https://registry.yarnpkg.com/async/-/async-3.2.3.tgz#ac53dafd3f4720ee9e8a160628f18ea91df196c9"
  integrity sha512-spZRyzKL5l5BZQrr/6m/SqFdBN0q3OCI0f9rjfBzCMBIP4p75P620rR3gTmaksNOhmzgdxcaxdNfMy6anrbM0g==

merge-objects@^1.0.5:
  version "1.0.5"
  resolved "https://registry.yarnpkg.com/merge-objects/-/merge-objects-1.0.5.tgz#ad923ff3910091acc1438f53eb75b8f37d862a86"
  integrity sha1-rZI/85EAkazBQ49T63W4832GKoY=

resize-observer-polyfill@^1.5.1:
  name "resize-observer-polyfill"
  version "1.5.2"
  resolved "https://registry.yarnpkg.com/@4lolo/resize-observer-polyfill/-/resize-observer-polyfill-1.5.2.tgz#58868fc7224506236b5550d0c68357f0a874b84b"
  integrity sha512-HY4JYLITsWBOdeqCF/x3q7Aa2PVl/BmfkPv4H/Qzplc4Lrn9cKmWz6jHyAREH9tFuD0xELjJVgX3JaEmdcXu3g==

"should-type@https://github.com/shouldjs/type.git#1.3.0":
  version "1.3.0"
  resolved "https://github.com/shouldjs/type.git#31d26945cb3b4ad21d2308776e4442c461666390"
