// bun.lock - Bun lockfile v1
// This file was generated by Bun and should not be manually edited.
// Run "bun install" to update this file.
{
  "lockfileVersion": 1,
  "workspaces": {
    "": {
      "dependencies": {
        "lodash": "^4.17.21",
        "express": "^4.18.2"
      },
      "devDependencies": {
        "typescript": "^5.0.0"
      }
    }
  },
  "packages": {
    "lodash@4.17.21": ["lodash@4.17.21", "https://registry.npmjs.org/lodash/-/lodash-4.17.21.tgz", {}, "sha512-v2kDEBM37XMS/prhe0cSBXEHB3cPH5Ni+2hRMKA3lAh1j9l3Y1KMFt0ILd0FYfHYLMaHwZCcNZfT2J0lYLHUDHg=="],
    "express@4.18.2": ["express@4.18.2", "https://registry.npmjs.org/express/-/express-4.18.2.tgz", {
      "accepts": "~1.3.8",
      "array-flatten": "1.1.1",
      "body-parser": "1.20.1"
    }, "sha512-VkTrpA8RXuVBpuMdKZf1u8akqU9VqFvP+D2E3N0JVH5HfK4S0mIq7VgZPnxVL7I4MZJTnxJQZ2XlPvjF8ZyuDg=="],
    "typescript@5.3.3": ["typescript@5.3.3", "https://registry.npmjs.org/typescript/-/typescript-5.3.3.tgz", {}, "sha512-pXWcraxM0uxAS+tN0AG/BF2TyqmHO014Z070UsJ+pFvYuRSq8KH8DmWpnbXe0pEPDHXZV3FcAbJkijJ5oNEnWw=="],
    "accepts@1.3.8": ["accepts@1.3.8", "https://registry.npmjs.org/accepts/-/accepts-1.3.8.tgz", {
      "mime-types": "~2.1.34",
      "negotiator": "0.6.3"
    }, "sha512-PYAthTa2m2VKxuvSD3DPC/Gy+U+sOA1LAuT8mkmRuvw+NACSaeXEQ+NHcVF7rONl6qcaxV3Uuemwawk+7+SJLw=="],
    "@types/node@20.10.0": ["@types/node@20.10.0", "https://registry.npmjs.org/@types/node/-/node-20.10.0.tgz", {
      "undici-types": "~5.26.4"
    }, "sha512-D0WfRmU9TQ8I9PFx9Yc+EBHw+vSpIub4IDvQivcp26PtPrdMGAq5SDcpXEo/epqa/DXotVpekHiLNTg3iaKXBQ=="]
  }
}
