{
    "_meta": {
        "hash": {
            "sha256": "a6b2dfd5367688bec81240eb04e7bde7f92b35491be5934fcb4e2e6ca9d275c0"
        },
        "pipfile-spec": 6,
        "requires": {
            "python_version": "3.7"
        },
        "sources": [
            {
                "name": "pypi",
                "url": "https://pypi.org/simple",
                "verify_ssl": true
            }
        ]
    },
    "default": {
        "certifi": {
            "hashes": [
                "sha256:47c09d31ccf2acf0be3f701ea53595ee7e0b8fa08801c6624be771df09ae7b43",
                "sha256:0f212c2744a9bb6de0c56639a6f68afe01ecd92d91f14ae897c4fe7bbeeef0de"
            ],
            "index": "pypi",
            "version": "==2025.10.5"
        }
    },
    "develop": {}
}