# This file is @generated by PDM.
# It is not intended for manual editing.

[metadata]
groups = ["default", "dev"]
strategy = ["cross_platform"]
lock_version = "4.5.0"
content_hash = "sha256:984ad0a5e69644da7a29579c4bb0e062472d732cac333d9e4bddc9ed46fa2e9d"

[[metadata.targets]]
requires_python = ">=3.11,<3.13"

[[package]]
name = "aioboto3"
version = "13.2.0"
requires_python = "<4.0,>=3.8"
summary = "Async boto3 wrapper"
dependencies = [
    "aiobotocore[boto3]==2.15.2",
    "aiofiles>=23.2.1",
]
files = [
    {file = "aioboto3-13.2.0-py3-none-any.whl", hash = "sha256:fd894b8d319934dfd75285b58da35560670e57182d0148c54a3d4ee5da730c78"},
    {file = "aioboto3-13.2.0.tar.gz", hash = "sha256:92c3232e0bf7dcb5d921cd1eb8c5e0b856c3985f7c1cd32ab3cd51adc5c9b5da"},
]

[[package]]
name = "aiobotocore"
version = "2.15.2"
requires_python = ">=3.8"
summary = "Async client for aws services using botocore and aiohttp"
dependencies = [
    "aiohttp<4.0.0,>=3.9.2",
    "aioitertools<1.0.0,>=0.5.1",
    "botocore<1.35.37,>=1.35.16",
    "wrapt<2.0.0,>=1.10.10",
]
files = [
    {file = "aiobotocore-2.15.2-py3-none-any.whl", hash = "sha256:d4d3128b4b558e2b4c369bfa963b022d7e87303adb82eec623cec8aa77ae578a"},
    {file = "aiobotocore-2.15.2.tar.gz", hash = "sha256:9ac1cfcaccccc80602968174aa032bf978abe36bd4e55e6781d6500909af1375"},
]
