# This file is generated by running "yarn install" inside your project.
# Manual changes might be lost - proceed with caution!

__metadata:
  version: 8
  cacheKey: 10c0

"async@npm:^3.2.3":
  version: 3.2.6
  resolution: "async@npm:3.2.6"
  checksum: 10c0/36484bb15ceddf07078688d95e27076379cc2f87b10c03b6dd8a83e89475a3c8df5848859dd06a4c95af1e4c16fc973de0171a77f18ea00be899aca2a4f85e70
  languageName: node
  linkType: hard

"async@npm:0.9.2":
  version: 0.9.2
  resolution: "async@npm:0.9.2"
  checksum: 10c0/22ac816db119a9b84ac7182fa969b2cceacfcfa278c3efb0ac6a94d1210a4429e42c8cf6e704039aa7662e4ba62f26cecf039c91d41ceb91355dc9672c9b9ac1
  languageName: node
  linkType: hard
