{
  "lockfileVersion": 1,
  "configVersion": 1,
  "workspaces": {
    "": {
      "name": "test-app",
      "dependencies": {
        "cowsay": "^1.6.0",
        "zod": "^3.23.8",
      },
    },
  },
  "packages": {
    "ansi-regex": ["ansi-regex@3.0.1", "", {}, "sha512-+O9Jct8wf++lXxxFc4hc8LsjaSq0HFzzL7cVsw8pRDIPdjKD2mT4ytDZlLuSBZ4cLKZFXIrMGO7DbQCtMJJMKw=="],

    "cowsay": ["cowsay@1.6.0", "", { "dependencies": { "ansi-regex": "^3.0.0" } }, "sha512-8C4H1jdrgNusTQr3Yu4SCm+ZKsAlDFbpa0KS0Z3im8ueag+9pGOf3CrioruvmeaW/A5oqg9L0ar6qeftAh03jw=="],

    "zod": ["zod@3.25.76", "", {}, "sha512-gzUt/qt81nXsFGKIFcC3YnfEAx5NkunCfnDlvuBSSFS02bcXu4Lmea0AFIUwbLWxWPx3d9p8S5QoaujKcNQxcQ=="],
  }
}
