# THIS IS AN AUTOGENERATED FILE. DO NOT EDIT THIS FILE DIRECTLY.
# yarn lockfile v1


dev-only-transitive@^1.0.0:
  version "1.0.0"
  resolved "https://registry.yarnpkg.com/dev-only-transitive/-/dev-only-transitive-1.0.0.tgz#abc123"
  integrity sha512-devonlytransitive==

dev-pkg@^1.0.0:
  version "1.0.0"
  resolved "https://registry.yarnpkg.com/dev-pkg/-/dev-pkg-1.0.0.tgz#def456"
  integrity sha512-devpkg==
  dependencies:
    dev-only-transitive "^1.0.0"

prod-pkg@^1.0.0:
  version "1.0.0"
  resolved "https://registry.yarnpkg.com/prod-pkg/-/prod-pkg-1.0.0.tgz#ghi789"
  integrity sha512-prodpkg==
  dependencies:
    shared-pkg "^1.0.0"

shared-pkg@^1.0.0:
  version "1.0.0"
  resolved "https://registry.yarnpkg.com/shared-pkg/-/shared-pkg-1.0.0.tgz#jkl012"
  integrity sha512-sharedpkg==
